// !$*UTF8*$!
{
	archiveVersion = 1;
	classes = {
	};
	objectVersion = 56;
	objects = {

/* Begin PBXBuildFile section */
		D6979E042A373E0600154356 /* AppDelegate.swift in Sources */ = {isa = PBXBuildFile; fileRef = D6979E032A373E0600154356 /* AppDelegate.swift */; };
		D6979E062A373E0600154356 /* SceneDelegate.swift in Sources */ = {isa = PBXBuildFile; fileRef = D6979E052A373E0600154356 /* SceneDelegate.swift */; };
		D6979E082A373E0600154356 /* AuthViewController.swift in Sources */ = {isa = PBXBuildFile; fileRef = D6979E072A373E0600154356 /* AuthViewController.swift */; };
		D6979E0D2A373E0700154356 /* Assets.xcassets in Resources */ = {isa = PBXBuildFile; fileRef = D6979E0C2A373E0700154356 /* Assets.xcassets */; };
		D6979E102A373E0700154356 /* LaunchScreen.storyboard in Resources */ = {isa = PBXBuildFile; fileRef = D6979E0E2A373E0700154356 /* LaunchScreen.storyboard */; };
		D6FA0AD82A4058EC00F560B8 /* AuthService.swift in Sources */ = {isa = PBXBuildFile; fileRef = D6FA0AD72A4058EC00F560B8 /* AuthService.swift */; };
		D6FA0ADB2A405DF900F560B8 /* AuthViewController.storyboard in Resources */ = {isa = PBXBuildFile; fileRef = D6FA0ADA2A405DF900F560B8 /* AuthViewController.storyboard */; };
		E076FE7A4C874D9B191872EF /* Pods_VkFeedNews.framework in Frameworks */ = {isa = PBXBuildFile; fileRef = 7D0F73A0F19F3A26F42B98FD /* Pods_VkFeedNews.framework */; };
/* End PBXBuildFile section */

/* Begin PBXFileReference section */
		7D0F73A0F19F3A26F42B98FD /* Pods_VkFeedNews.framework */ = {isa = PBXFileReference; explicitFileType = wrapper.framework; includeInIndex = 0; path = Pods_VkFeedNews.framework; sourceTree = BUILT_PRODUCTS_DIR; };
		C714FCC067A1D076C9B32D18 /* Pods-VkFeedNews.release.xcconfig */ = {isa = PBXFileReference; includeInIndex = 1; lastKnownFileType = text.xcconfig; name = "Pods-VkFeedNews.release.xcconfig"; path = "Target Support Files/Pods-VkFeedNews/Pods-VkFeedNews.release.xcconfig"; sourceTree = "<group>"; };
		D6979E002A373E0600154356 /* VkFeedNews.app */ = {isa = PBXFileReference; explicitFileType = wrapper.application; includeInIndex = 0; path = VkFeedNews.app; sourceTree = BUILT_PRODUCTS_DIR; };
		D6979E032A373E0600154356 /* AppDelegate.swift */ = {isa = PBXFileReference; lastKnownFileType = sourcecode.swift; path = AppDelegate.swift; sourceTree = "<group>"; };
		D6979E052A373E0600154356 /* SceneDelegate.swift */ = {isa = PBXFileReference; lastKnownFileType = sourcecode.swift; path = SceneDelegate.swift; sourceTree = "<group>"; };
		D6979E072A373E0600154356 /* AuthViewController.swift */ = {isa = PBXFileReference; lastKnownFileType = sourcecode.swift; path = AuthViewController.swift; sourceTree = "<group>"; };
		D6979E0C2A373E0700154356 /* Assets.xcassets */ = {isa = PBXFileReference; lastKnownFileType = folder.assetcatalog; path = Assets.xcassets; sourceTree = "<group>"; };
		D6979E0F2A373E0700154356 /* Base */ = {isa = PBXFileReference; lastKnownFileType = file.storyboard; name = Base; path = Base.lproj/LaunchScreen.storyboard; sourceTree = "<group>"; };
		D6979E112A373E0700154356 /* Info.plist */ = {isa = PBXFileReference; lastKnownFileType = text.plist.xml; path = Info.plist; sourceTree = "<group>"; };
		D6FA0AD72A4058EC00F560B8 /* AuthService.swift */ = {isa = PBXFileReference; lastKnownFileType = sourcecode.swift; path = AuthService.swift; sourceTree = "<group>"; };
		D6FA0ADA2A405DF900F560B8 /* AuthViewController.storyboard */ = {isa = PBXFileReference; lastKnownFileType = file.storyboard; path = AuthViewController.storyboard; sourceTree = "<group>"; };
		FE1F9B3FCE9F7E9AA7AB2FA2 /* Pods-VkFeedNews.debug.xcconfig */ = {isa = PBXFileReference; includeInIndex = 1; lastKnownFileType = text.xcconfig; name = "Pods-VkFeedNews.debug.xcconfig"; path = "Target Support Files/Pods-VkFeedNews/Pods-VkFeedNews.debug.xcconfig"; sourceTree = "<group>"; };
/* End PBXFileReference section */

/* Begin PBXFrameworksBuildPhase section */
		D6979DFD2A373E0600154356 /* Frameworks */ = {
			isa = PBXFrameworksBuildPhase;
			buildActionMask = 2147483647;
			files = (
				E076FE7A4C874D9B191872EF /* Pods_VkFeedNews.framework in Frameworks */,
			);
			runOnlyForDeploymentPostprocessing = 0;
		};
/* End PBXFrameworksBuildPhase section */

/* Begin PBXGroup section */
		536A3ADDE872EA98CB146516 /* Pods */ = {
			isa = PBXGroup;
			children = (
				FE1F9B3FCE9F7E9AA7AB2FA2 /* Pods-VkFeedNews.debug.xcconfig */,
				C714FCC067A1D076C9B32D18 /* Pods-VkFeedNews.release.xcconfig */,
			);
			path = Pods;
			sourceTree = "<group>";
		};
		D6979DF72A373E0500154356 = {
			isa = PBXGroup;
			children = (
				D6979E022A373E0600154356 /* VkFeedNews */,
				D6979E012A373E0600154356 /* Products */,
				536A3ADDE872EA98CB146516 /* Pods */,
				D8C7589435315713D5381249 /* Frameworks */,
			);
			sourceTree = "<group>";
		};
		D6979E012A373E0600154356 /* Products */ = {
			isa = PBXGroup;
			children = (
				D6979E002A373E0600154356 /* VkFeedNews.app */,
			);
			name = Products;
			sourceTree = "<group>";
		};
		D6979E022A373E0600154356 /* VkFeedNews */ = {
			isa = PBXGroup;
			children = (
				D6979E032A373E0600154356 /* AppDelegate.swift */,
				D6979E052A373E0600154356 /* SceneDelegate.swift */,
				D6FA0AD92A40590800F560B8 /* Services */,
				D6979E072A373E0600154356 /* AuthViewController.swift */,
				D6FA0ADA2A405DF900F560B8 /* AuthViewController.storyboard */,
				D6979E0C2A373E0700154356 /* Assets.xcassets */,
				D6979E0E2A373E0700154356 /* LaunchScreen.storyboard */,
				D6979E112A373E0700154356 /* Info.plist */,
			);
			path = VkFeedNews;
			sourceTree = "<group>";
		};
		D6FA0AD92A40590800F560B8 /* Services */ = {
			isa = PBXGroup;
			children = (
				D6FA0AD72A4058EC00F560B8 /* AuthService.swift */,
			);
			path = Services;
			sourceTree = "<group>";
		};
		D8C7589435315713D5381249 /* Frameworks */ = {
			isa = PBXGroup;
			children = (
				7D0F73A0F19F3A26F42B98FD /* Pods_VkFeedNews.framework */,
			);
			name = Frameworks;
			sourceTree = "<group>";
		};
/* End PBXGroup section */

/* Begin PBXNativeTarget section */
		D6979DFF2A373E0600154356 /* VkFeedNews */ = {
			isa = PBXNativeTarget;
			buildConfigurationList = D6979E142A373E0700154356 /* Build configuration list for PBXNativeTarget "VkFeedNews" */;
			buildPhases = (
				1313911DB4D7130732E8392B /* [CP] Check Pods Manifest.lock */,
				D6979DFC2A373E0600154356 /* Sources */,
				D6979DFD2A373E0600154356 /* Frameworks */,
				D6979DFE2A373E0600154356 /* Resources */,
				635C4C07C90652F6ADCBE493 /* [CP] Embed Pods Frameworks */,
			);
			buildRules = (
			);
			dependencies = (
			);
			name = VkFeedNews;
			productName = VkFeedNews;
			productReference = D6979E002A373E0600154356 /* VkFeedNews.app */;
			productType = "com.apple.product-type.application";
		};
/* End PBXNativeTarget section */

/* Begin PBXProject section */
		D6979DF82A373E0500154356 /* Project object */ = {
			isa = PBXProject;
			attributes = {
				BuildIndependentTargetsInParallel = 1;
				LastSwiftUpdateCheck = 1430;
				LastUpgradeCheck = 1430;
				TargetAttributes = {
					D6979DFF2A373E0600154356 = {
						CreatedOnToolsVersion = 14.3.1;
					};
				};
			};
			buildConfigurationList = D6979DFB2A373E0500154356 /* Build configuration list for PBXProject "VkFeedNews" */;
			compatibilityVersion = "Xcode 14.0";
			developmentRegion = en;
			hasScannedForEncodings = 0;
			knownRegions = (
				en,
				Base,
			);
			mainGroup = D6979DF72A373E0500154356;
			productRefGroup = D6979E012A373E0600154356 /* Products */;
			projectDirPath = "";
			projectRoot = "";
			targets = (
				D6979DFF2A373E0600154356 /* VkFeedNews */,
			);
		};
/* End PBXProject section */

/* Begin PBXResourcesBuildPhase section */
		D6979DFE2A373E0600154356 /* Resources */ = {
			isa = PBXResourcesBuildPhase;
			buildActionMask = 2147483647;
			files = (
				D6979E102A373E0700154356 /* LaunchScreen.storyboard in Resources */,
				D6FA0ADB2A405DF900F560B8 /* AuthViewController.storyboard in Resources */,
				D6979E0D2A373E0700154356 /* Assets.xcassets in Resources */,
			);
			runOnlyForDeploymentPostprocessing = 0;
		};
/* End PBXResourcesBuildPhase section */

/* Begin PBXShellScriptBuildPhase section */
		1313911DB4D7130732E8392B /* [CP] Check Pods Manifest.lock */ = {
			isa = PBXShellScriptBuildPhase;
			buildActionMask = 2147483647;
			files = (
			);
			inputFileListPaths = (
			);
			inputPaths = (
				"${PODS_PODFILE_DIR_PATH}/Podfile.lock",
				"${PODS_ROOT}/Manifest.lock",
			);
			name = "[CP] Check Pods Manifest.lock";
			outputFileListPaths = (
			);
			outputPaths = (
				"$(DERIVED_FILE_DIR)/Pods-VkFeedNews-checkManifestLockResult.txt",
			);
			runOnlyForDeploymentPostprocessing = 0;
			shellPath = /bin/sh;
			shellScript = "diff \"${PODS_PODFILE_DIR_PATH}/Podfile.lock\" \"${PODS_ROOT}/Manifest.lock\" > /dev/null\nif [ $? != 0 ] ; then\n    # print error to STDERR\n    echo \"error: The sandbox is not in sync with the Podfile.lock. Run 'pod install' or update your CocoaPods installation.\" >&2\n    exit 1\nfi\n# This output is used by Xcode 'outputs' to avoid re-running this script phase.\necho \"SUCCESS\" > \"${SCRIPT_OUTPUT_FILE_0}\"\n";
			showEnvVarsInLog = 0;
		};
		635C4C07C90652F6ADCBE493 /* [CP] Embed Pods Frameworks */ = {
			isa = PBXShellScriptBuildPhase;
			buildActionMask = 2147483647;
			files = (
			);
			inputFileListPaths = (
				"${PODS_ROOT}/Target Support Files/Pods-VkFeedNews/Pods-VkFeedNews-frameworks-${CONFIGURATION}-input-files.xcfilelist",
			);
			name = "[CP] Embed Pods Frameworks";
			outputFileListPaths = (
				"${PODS_ROOT}/Target Support Files/Pods-VkFeedNews/Pods-VkFeedNews-frameworks-${CONFIGURATION}-output-files.xcfilelist",
			);
			runOnlyForDeploymentPostprocessing = 0;
			shellPath = /bin/sh;
			shellScript = "\"${PODS_ROOT}/Target Support Files/Pods-VkFeedNews/Pods-VkFeedNews-frameworks.sh\"\n";
			showEnvVarsInLog = 0;
		};
/* End PBXShellScriptBuildPhase section */

/* Begin PBXSourcesBuildPhase section */
		D6979DFC2A373E0600154356 /* Sources */ = {
			isa = PBXSourcesBuildPhase;
			buildActionMask = 2147483647;
			files = (
				D6979E082A373E0600154356 /* AuthViewController.swift in Sources */,
				D6979E042A373E0600154356 /* AppDelegate.swift in Sources */,
				D6979E062A373E0600154356 /* SceneDelegate.swift in Sources */,
				D6FA0AD82A4058EC00F560B8 /* AuthService.swift in Sources */,
			);
			runOnlyForDeploymentPostprocessing = 0;
		};
/* End PBXSourcesBuildPhase section */

/* Begin PBXVariantGroup section */
		D6979E0E2A373E0700154356 /* LaunchScreen.storyboard */ = {
			isa = PBXVariantGroup;
			children = (
				D6979E0F2A373E0700154356 /* Base */,
			);
			name = LaunchScreen.storyboard;
			sourceTree = "<group>";
		};
/* End PBXVariantGroup section */

/* Begin XCBuildConfiguration section */
		D6979E122A373E0700154356 /* Debug */ = {
			isa = XCBuildConfiguration;
			buildSettings = {
				ALWAYS_SEARCH_USER_PATHS = NO;
				CLANG_ANALYZER_NONNULL = YES;
				CLANG_ANALYZER_NUMBER_OBJECT_CONVERSION = YES_AGGRESSIVE;
				CLANG_CXX_LANGUAGE_STANDARD = "gnu++20";
				CLANG_ENABLE_MODULES = YES;
				CLANG_ENABLE_OBJC_ARC = YES;
				CLANG_ENABLE_OBJC_WEAK = YES;
				CLANG_WARN_BLOCK_CAPTURE_AUTORELEASING = YES;
				CLANG_WARN_BOOL_CONVERSION = YES;
				CLANG_WARN_COMMA = YES;
				CLANG_WARN_CONSTANT_CONVERSION = YES;
				CLANG_WARN_DEPRECATED_OBJC_IMPLEMENTATIONS = YES;
				CLANG_WARN_DIRECT_OBJC_ISA_USAGE = YES_ERROR;
				CLANG_WARN_DOCUMENTATION_COMMENTS = YES;
				CLANG_WARN_EMPTY_BODY = YES;
				CLANG_WARN_ENUM_CONVERSION = YES;
				CLANG_WARN_INFINITE_RECURSION = YES;
				CLANG_WARN_INT_CONVERSION = YES;
				CLANG_WARN_NON_LITERAL_NULL_CONVERSION = YES;
				CLANG_WARN_OBJC_IMPLICIT_RETAIN_SELF = YES;
				CLANG_WARN_OBJC_LITERAL_CONVERSION = YES;
				CLANG_WARN_OBJC_ROOT_CLASS = YES_ERROR;
				CLANG_WARN_QUOTED_INCLUDE_IN_FRAMEWORK_HEADER = YES;
				CLANG_WARN_RANGE_LOOP_ANALYSIS = YES;
				CLANG_WARN_STRICT_PROTOTYPES = YES;
				CLANG_WARN_SUSPICIOUS_MOVE = YES;
				CLANG_WARN_UNGUARDED_AVAILABILITY = YES_AGGRESSIVE;
				CLANG_WARN_UNREACHABLE_CODE = YES;
				CLANG_WARN__DUPLICATE_METHOD_MATCH = YES;
				COPY_PHASE_STRIP = NO;
				DEBUG_INFORMATION_FORMAT = dwarf;
				ENABLE_STRICT_OBJC_MSGSEND = YES;
				ENABLE_TESTABILITY = YES;
				GCC_C_LANGUAGE_STANDARD = gnu11;
				GCC_DYNAMIC_NO_PIC = NO;
				GCC_NO_COMMON_BLOCKS = YES;
				GCC_OPTIMIZATION_LEVEL = 0;
				GCC_PREPROCESSOR_DEFINITIONS = (
					"DEBUG=1",
					"$(inherited)",
				);
				GCC_WARN_64_TO_32_BIT_CONVERSION = YES;
				GCC_WARN_ABOUT_RETURN_TYPE = YES_ERROR;
				GCC_WARN_UNDECLARED_SELECTOR = YES;
				GCC_WARN_UNINITIALIZED_AUTOS = YES_AGGRESSIVE;
				GCC_WARN_UNUSED_FUNCTION = YES;
				GCC_WARN_UNUSED_VARIABLE = YES;
				IPHONEOS_DEPLOYMENT_TARGET = 16.4;
				MTL_ENABLE_DEBUG_INFO = INCLUDE_SOURCE;
				MTL_FAST_MATH = YES;
				ONLY_ACTIVE_ARCH = YES;
				SDKROOT = iphoneos;
				SWIFT_ACTIVE_COMPILATION_CONDITIONS = DEBUG;
				SWIFT_OPTIMIZATION_LEVEL = "-Onone";
			};
			name = Debug;
		};
		D6979E132A373E0700154356 /* Release */ = {
			isa = XCBuildConfiguration;
			buildSettings = {
				ALWAYS_SEARCH_USER_PATHS = NO;
				CLANG_ANALYZER_NONNULL = YES;
				CLANG_ANALYZER_NUMBER_OBJECT_CONVERSION = YES_AGGRESSIVE;
				CLANG_CXX_LANGUAGE_STANDARD = "gnu++20";
				CLANG_ENABLE_MODULES = YES;
				CLANG_ENABLE_OBJC_ARC = YES;
				CLANG_ENABLE_OBJC_WEAK = YES;
				CLANG_WARN_BLOCK_CAPTURE_AUTORELEASING = YES;
				CLANG_WARN_BOOL_CONVERSION = YES;
				CLANG_WARN_COMMA = YES;
				CLANG_WARN_CONSTANT_CONVERSION = YES;
				CLANG_WARN_DEPRECATED_OBJC_IMPLEMENTATIONS = YES;
				CLANG_WARN_DIRECT_OBJC_ISA_USAGE = YES_ERROR;
				CLANG_WARN_DOCUMENTATION_COMMENTS = YES;
				CLANG_WARN_EMPTY_BODY = YES;
				CLANG_WARN_ENUM_CONVERSION = YES;
				CLANG_WARN_INFINITE_RECURSION = YES;
				CLANG_WARN_INT_CONVERSION = YES;
				CLANG_WARN_NON_LITERAL_NULL_CONVERSION = YES;
				CLANG_WARN_OBJC_IMPLICIT_RETAIN_SELF = YES;
				CLANG_WARN_OBJC_LITERAL_CONVERSION = YES;
				CLANG_WARN_OBJC_ROOT_CLASS = YES_ERROR;
				CLANG_WARN_QUOTED_INCLUDE_IN_FRAMEWORK_HEADER = YES;
				CLANG_WARN_RANGE_LOOP_ANALYSIS = YES;
				CLANG_WARN_STRICT_PROTOTYPES = YES;
				CLANG_WARN_SUSPICIOUS_MOVE = YES;
				CLANG_WARN_UNGUARDED_AVAILABILITY = YES_AGGRESSIVE;
				CLANG_WARN_UNREACHABLE_CODE = YES;
				CLANG_WARN__DUPLICATE_METHOD_MATCH = YES;
				COPY_PHASE_STRIP = NO;
				DEBUG_INFORMATION_FORMAT = "dwarf-with-dsym";
				ENABLE_NS_ASSERTIONS = NO;
				ENABLE_STRICT_OBJC_MSGSEND = YES;
				GCC_C_LANGUAGE_STANDARD = gnu11;
				GCC_NO_COMMON_BLOCKS = YES;
				GCC_WARN_64_TO_32_BIT_CONVERSION = YES;
				GCC_WARN_ABOUT_RETURN_TYPE = YES_ERROR;
				GCC_WARN_UNDECLARED_SELECTOR = YES;
				GCC_WARN_UNINITIALIZED_AUTOS = YES_AGGRESSIVE;
				GCC_WARN_UNUSED_FUNCTION = YES;
				GCC_WARN_UNUSED_VARIABLE = YES;
				IPHONEOS_DEPLOYMENT_TARGET = 16.4;
				MTL_ENABLE_DEBUG_INFO = NO;
				MTL_FAST_MATH = YES;
				SDKROOT = iphoneos;
				SWIFT_COMPILATION_MODE = wholemodule;
				SWIFT_OPTIMIZATION_LEVEL = "-O";
				VALIDATE_PRODUCT = YES;
			};
			name = Release;
		};
		D6979E152A373E0700154356 /* Debug */ = {
			isa = XCBuildConfiguration;
			baseConfigurationReference = FE1F9B3FCE9F7E9AA7AB2FA2 /* Pods-VkFeedNews.debug.xcconfig */;
			buildSettings = {
				ASSETCATALOG_COMPILER_APPICON_NAME = AppIcon;
				ASSETCATALOG_COMPILER_GLOBAL_ACCENT_COLOR_NAME = AccentColor;
				CODE_SIGN_STYLE = Automatic;
				CURRENT_PROJECT_VERSION = 1;
				DEVELOPMENT_TEAM = 3534CRK57P;
				GENERATE_INFOPLIST_FILE = YES;
				INFOPLIST_FILE = VkFeedNews/Info.plist;
				INFOPLIST_KEY_UIApplicationSupportsIndirectInputEvents = YES;
				INFOPLIST_KEY_UILaunchStoryboardName = LaunchScreen;
				INFOPLIST_KEY_UIStatusBarStyle = "";
				INFOPLIST_KEY_UISupportedInterfaceOrientations_iPad = "UIInterfaceOrientationPortrait UIInterfaceOrientationPortraitUpsideDown UIInterfaceOrientationLandscapeLeft UIInterfaceOrientationLandscapeRight";
				INFOPLIST_KEY_UISupportedInterfaceOrientations_iPhone = "UIInterfaceOrientationPortrait UIInterfaceOrientationLandscapeLeft UIInterfaceOrientationLandscapeRight";
				LD_RUNPATH_SEARCH_PATHS = (
					"$(inherited)",
					"@executable_path/Frameworks",
				);
				MARKETING_VERSION = 1.0;
				PRODUCT_BUNDLE_IDENTIFIER = tokarevv.VkFeedNews;
				PRODUCT_NAME = "$(TARGET_NAME)";
				SUPPORTED_PLATFORMS = "iphoneos iphonesimulator";
				SUPPORTS_MACCATALYST = NO;
				SUPPORTS_MAC_DESIGNED_FOR_IPHONE_IPAD = NO;
				SWIFT_EMIT_LOC_STRINGS = YES;
				SWIFT_VERSION = 5.0;
				TARGETED_DEVICE_FAMILY = 1;
			};
			name = Debug;
		};
		D6979E162A373E0700154356 /* Release */ = {
			isa = XCBuildConfiguration;
			baseConfigurationReference = C714FCC067A1D076C9B32D18 /* Pods-VkFeedNews.release.xcconfig */;
			buildSettings = {
				ASSETCATALOG_COMPILER_APPICON_NAME = AppIcon;
				ASSETCATALOG_COMPILER_GLOBAL_ACCENT_COLOR_NAME = AccentColor;
				CODE_SIGN_STYLE = Automatic;
				CURRENT_PROJECT_VERSION = 1;
				DEVELOPMENT_TEAM = 3534CRK57P;
				GENERATE_INFOPLIST_FILE = YES;
				INFOPLIST_FILE = VkFeedNews/Info.plist;
				INFOPLIST_KEY_UIApplicationSupportsIndirectInputEvents = YES;
				INFOPLIST_KEY_UILaunchStoryboardName = LaunchScreen;
				INFOPLIST_KEY_UIStatusBarStyle = "";
				INFOPLIST_KEY_UISupportedInterfaceOrientations_iPad = "UIInterfaceOrientationPortrait UIInterfaceOrientationPortraitUpsideDown UIInterfaceOrientationLandscapeLeft UIInterfaceOrientationLandscapeRight";
				INFOPLIST_KEY_UISupportedInterfaceOrientations_iPhone = "UIInterfaceOrientationPortrait UIInterfaceOrientationLandscapeLeft UIInterfaceOrientationLandscapeRight";
				LD_RUNPATH_SEARCH_PATHS = (
					"$(inherited)",
					"@executable_path/Frameworks",
				);
				MARKETING_VERSION = 1.0;
				PRODUCT_BUNDLE_IDENTIFIER = tokarevv.VkFeedNews;
				PRODUCT_NAME = "$(TARGET_NAME)";
				SUPPORTED_PLATFORMS = "iphoneos iphonesimulator";
				SUPPORTS_MACCATALYST = NO;
				SUPPORTS_MAC_DESIGNED_FOR_IPHONE_IPAD = NO;
				SWIFT_EMIT_LOC_STRINGS = YES;
				SWIFT_VERSION = 5.0;
				TARGETED_DEVICE_FAMILY = 1;
			};
			name = Release;
		};
/* End XCBuildConfiguration section */

/* Begin XCConfigurationList section */
		D6979DFB2A373E0500154356 /* Build configuration list for PBXProject "VkFeedNews" */ = {
			isa = XCConfigurationList;
			buildConfigurations = (
				D6979E122A373E0700154356 /* Debug */,
				D6979E132A373E0700154356 /* Release */,
			);
			defaultConfigurationIsVisible = 0;
			defaultConfigurationName = Release;
		};
		D6979E142A373E0700154356 /* Build configuration list for PBXNativeTarget "VkFeedNews" */ = {
			isa = XCConfigurationList;
			buildConfigurations = (
				D6979E152A373E0700154356 /* Debug */,
				D6979E162A373E0700154356 /* Release */,
			);
			defaultConfigurationIsVisible = 0;
			defaultConfigurationName = Release;
		};
/* End XCConfigurationList section */
	};
	rootObject = D6979DF82A373E0500154356 /* Project object */;
}
